
Microsoft Visual Studio Solution File, Format Version 12.00
# Visual Studio Version 16
VisualStudioVersion = 16.0.30309.148
MinimumVisualStudioVersion = 10.0.40219.1
Project("{FAE04EC0-301F-11D3-BF4B-00C04F79EFBC}") = "calculodias da vida no console", "calculodias da vida no console\calculodias da vida no console.csproj", "{BBD7D16C-DA06-47EF-8A25-22B225739911}"
EndProject
Global
	GlobalSection(SolutionConfigurationPlatforms) = preSolution
		Debug|Any CPU = Debug|Any CPU
		Release|Any CPU = Release|Any CPU
	EndGlobalSection
	GlobalSection(ProjectConfigurationPlatforms) = postSolution
		{BBD7D16C-DA06-47EF-8A25-22B225739911}.Debug|Any CPU.ActiveCfg = Debug|Any CPU
		{BBD7D16C-DA06-47EF-8A25-22B225739911}.Debug|Any CPU.Build.0 = Debug|Any CPU
		{BBD7D16C-DA06-47EF-8A25-22B225739911}.Release|Any CPU.ActiveCfg = Release|Any CPU
		{BBD7D16C-DA06-47EF-8A25-22B225739911}.Release|Any CPU.Build.0 = Release|Any CPU
	EndGlobalSection
	GlobalSection(SolutionProperties) = preSolution
		HideSolutionNode = FALSE
	EndGlobalSection
	GlobalSection(ExtensibilityGlobals) = postSolution
		SolutionGuid = {19565462-9A70-498A-9778-DA679261B44D}
	EndGlobalSection
EndGlobal
